// !$*UTF8*$!
{
	archiveVersion = 1;
	classes = {
	};
	objectVersion = 56;
	objects = {

/* Begin PBXBuildFile section */
		6F78D6752C064A610088E20F /* VibrationService.swift in Sources */ = {isa = PBXBuildFile; fileRef = 6F78D6742C064A610088E20F /* VibrationService.swift */; };
		6FD10A892BF68DA900F89CEE /* AppDelegate.swift in Sources */ = {isa = PBXBuildFile; fileRef = 6FD10A882BF68DA900F89CEE /* AppDelegate.swift */; };
		6FD10A8B2BF68DA900F89CEE /* SceneDelegate.swift in Sources */ = {isa = PBXBuildFile; fileRef = 6FD10A8A2BF68DA900F89CEE /* SceneDelegate.swift */; };
		6FD10A8D2BF68DA900F89CEE /* ViewController.swift in Sources */ = {isa = PBXBuildFile; fileRef = 6FD10A8C2BF68DA900F89CEE /* ViewController.swift */; };
		6FD10A922BF68DA900F89CEE /* Assets.xcassets in Resources */ = {isa = PBXBuildFile; fileRef = 6FD10A912BF68DA900F89CEE /* Assets.xcassets */; };
		6FD10A952BF68DA900F89CEE /* Base in Resources */ = {isa = PBXBuildFile; fileRef = 6FD10A942BF68DA900F89CEE /* Base */; };
		6FD10AA02BF68DE800F89CEE /* FirebaseAnalytics in Frameworks */ = {isa = PBXBuildFile; productRef = 6FD10A9F2BF68DE800F89CEE /* FirebaseAnalytics */; };
		6FD10AA32BF7DDFF00F89CEE /* GoogleService-Info.plist in Resources */ = {isa = PBXBuildFile; fileRef = 6FD10AA22BF7DDFF00F89CEE /* GoogleService-Info.plist */; };
		6FD10AA62BF7E16500F89CEE /* FirebaseMessaging in Frameworks */ = {isa = PBXBuildFile; productRef = 6FD10AA52BF7E16500F89CEE /* FirebaseMessaging */; };
		6FD10AA82BFBF0A700F89CEE /* AutorizationView.swift in Sources */ = {isa = PBXBuildFile; fileRef = 6FD10AA72BFBF0A700F89CEE /* AutorizationView.swift */; };
		6FD10AB32BFD25B500F89CEE /* out2.caf in Resources */ = {isa = PBXBuildFile; fileRef = 6FD10AB22BFD25B400F89CEE /* out2.caf */; };
/* End PBXBuildFile section */

/* Begin PBXFileReference section */
		6F78D6742C064A610088E20F /* VibrationService.swift */ = {isa = PBXFileReference; fileEncoding = 4; lastKnownFileType = sourcecode.swift; path = VibrationService.swift; sourceTree = "<group>"; };
		6FD10A852BF68DA900F89CEE /* Notify.app */ = {isa = PBXFileReference; explicitFileType = wrapper.application; includeInIndex = 0; path = Notify.app; sourceTree = BUILT_PRODUCTS_DIR; };
		6FD10A882BF68DA900F89CEE /* AppDelegate.swift */ = {isa = PBXFileReference; lastKnownFileType = sourcecode.swift; path = AppDelegate.swift; sourceTree = "<group>"; };
		6FD10A8A2BF68DA900F89CEE /* SceneDelegate.swift */ = {isa = PBXFileReference; lastKnownFileType = sourcecode.swift; path = SceneDelegate.swift; sourceTree = "<group>"; };
		6FD10A8C2BF68DA900F89CEE /* ViewController.swift */ = {isa = PBXFileReference; lastKnownFileType = sourcecode.swift; path = ViewController.swift; sourceTree = "<group>"; };
		6FD10A912BF68DA900F89CEE /* Assets.xcassets */ = {isa = PBXFileReference; lastKnownFileType = folder.assetcatalog; path = Assets.xcassets; sourceTree = "<group>"; };
		6FD10A942BF68DA900F89CEE /* Base */ = {isa = PBXFileReference; lastKnownFileType = file.storyboard; name = Base; path = Base.lproj/LaunchScreen.storyboard; sourceTree = "<group>"; };
		6FD10A962BF68DA900F89CEE /* Info.plist */ = {isa = PBXFileReference; lastKnownFileType = text.plist.xml; path = Info.plist; sourceTree = "<group>"; };
		6FD10AA12BF68FFA00F89CEE /* Notify.entitlements */ = {isa = PBXFileReference; lastKnownFileType = text.plist.entitlements; path = Notify.entitlements; sourceTree = "<group>"; };
		6FD10AA22BF7DDFF00F89CEE /* GoogleService-Info.plist */ = {isa = PBXFileReference; fileEncoding = 4; lastKnownFileType = text.plist.xml; path = "GoogleService-Info.plist"; sourceTree = "<group>"; };
		6FD10AA72BFBF0A700F89CEE /* AutorizationView.swift */ = {isa = PBXFileReference; lastKnownFileType = sourcecode.swift; path = AutorizationView.swift; sourceTree = "<group>"; };
		6FD10AA92BFCF56F00F89CEE /* PushKit.framework */ = {isa = PBXFileReference; lastKnownFileType = wrapper.framework; name = PushKit.framework; path = System/Library/Frameworks/PushKit.framework; sourceTree = SDKROOT; };
		6FD10AB22BFD25B400F89CEE /* out2.caf */ = {isa = PBXFileReference; lastKnownFileType = file; path = out2.caf; sourceTree = "<group>"; };
/* End PBXFileReference section */

/* Begin PBXFrameworksBuildPhase section */
		6FD10A822BF68DA900F89CEE /* Frameworks */ = {
			isa = PBXFrameworksBuildPhase;
			buildActionMask = 2147483647;
			files = (
				6FD10AA62BF7E16500F89CEE /* FirebaseMessaging in Frameworks */,
				6FD10AA02BF68DE800F89CEE /* FirebaseAnalytics in Frameworks */,
			);
			runOnlyForDeploymentPostprocessing = 0;
		};
/* End PBXFrameworksBuildPhase section */

/* Begin PBXGroup section */
		6FD10A7C2BF68DA900F89CEE = {
			isa = PBXGroup;
			children = (
				6FD10A872BF68DA900F89CEE /* Notify */,
				6FD10A862BF68DA900F89CEE /* Products */,
				6FD10AA42BF7E16500F89CEE /* Frameworks */,
			);
			sourceTree = "<group>";
		};
		6FD10A862BF68DA900F89CEE /* Products */ = {
			isa = PBXGroup;
			children = (
				6FD10A852BF68DA900F89CEE /* Notify.app */,
			);
			name = Products;
			sourceTree = "<group>";
		};
		6FD10A872BF68DA900F89CEE /* Notify */ = {
			isa = PBXGroup;
			children = (
				6FD10AA12BF68FFA00F89CEE /* Notify.entitlements */,
				6FD10A882BF68DA900F89CEE /* AppDelegate.swift */,
				6FD10A8A2BF68DA900F89CEE /* SceneDelegate.swift */,
				6FD10A8C2BF68DA900F89CEE /* ViewController.swift */,
				6FD10AA72BFBF0A700F89CEE /* AutorizationView.swift */,
				6F78D6742C064A610088E20F /* VibrationService.swift */,
				6FD10A912BF68DA900F89CEE /* Assets.xcassets */,
				6FD10AB22BFD25B400F89CEE /* out2.caf */,
				6FD10A932BF68DA900F89CEE /* LaunchScreen.storyboard */,
				6FD10AA22BF7DDFF00F89CEE /* GoogleService-Info.plist */,
				6FD10A962BF68DA900F89CEE /* Info.plist */,
			);
			path = Notify;
			sourceTree = "<group>";
		};
		6FD10AA42BF7E16500F89CEE /* Frameworks */ = {
			isa = PBXGroup;
			children = (
				6FD10AA92BFCF56F00F89CEE /* PushKit.framework */,
			);
			name = Frameworks;
			sourceTree = "<group>";
		};
/* End PBXGroup section */

/* Begin PBXNativeTarget section */
		6FD10A842BF68DA900F89CEE /* Notify */ = {
			isa = PBXNativeTarget;
			buildConfigurationList = 6FD10A992BF68DA900F89CEE /* Build configuration list for PBXNativeTarget "Notify" */;
			buildPhases = (
				6FD10A812BF68DA900F89CEE /* Sources */,
				6FD10A822BF68DA900F89CEE /* Frameworks */,
				6FD10A832BF68DA900F89CEE /* Resources */,
			);
			buildRules = (
			);
			dependencies = (
			);
			name = Notify;
			packageProductDependencies = (
				6FD10A9F2BF68DE800F89CEE /* FirebaseAnalytics */,
				6FD10AA52BF7E16500F89CEE /* FirebaseMessaging */,
			);
			productName = Notify;
			productReference = 6FD10A852BF68DA900F89CEE /* Notify.app */;
			productType = "com.apple.product-type.application";
		};
/* End PBXNativeTarget section */

/* Begin PBXProject section */
		6FD10A7D2BF68DA900F89CEE /* Project object */ = {
			isa = PBXProject;
			attributes = {
				BuildIndependentTargetsInParallel = 1;
				LastSwiftUpdateCheck = 1530;
				LastUpgradeCheck = 1530;
				TargetAttributes = {
					6FD10A842BF68DA900F89CEE = {
						CreatedOnToolsVersion = 15.3;
					};
				};
			};
			buildConfigurationList = 6FD10A802BF68DA900F89CEE /* Build configuration list for PBXProject "Notify" */;
			compatibilityVersion = "Xcode 14.0";
			developmentRegion = en;
			hasScannedForEncodings = 0;
			knownRegions = (
				en,
				Base,
			);
			mainGroup = 6FD10A7C2BF68DA900F89CEE;
			packageReferences = (
				6FD10A9E2BF68DE800F89CEE /* XCRemoteSwiftPackageReference "firebase-ios-sdk" */,
			);
			productRefGroup = 6FD10A862BF68DA900F89CEE /* Products */;
			projectDirPath = "";
			projectRoot = "";
			targets = (
				6FD10A842BF68DA900F89CEE /* Notify */,
			);
		};
/* End PBXProject section */

/* Begin PBXResourcesBuildPhase section */
		6FD10A832BF68DA900F89CEE /* Resources */ = {
			isa = PBXResourcesBuildPhase;
			buildActionMask = 2147483647;
			files = (
				6FD10A922BF68DA900F89CEE /* Assets.xcassets in Resources */,
				6FD10AA32BF7DDFF00F89CEE /* GoogleService-Info.plist in Resources */,
				6FD10A952BF68DA900F89CEE /* Base in Resources */,
				6FD10AB32BFD25B500F89CEE /* out2.caf in Resources */,
			);
			runOnlyForDeploymentPostprocessing = 0;
		};
/* End PBXResourcesBuildPhase section */

/* Begin PBXSourcesBuildPhase section */
		6FD10A812BF68DA900F89CEE /* Sources */ = {
			isa = PBXSourcesBuildPhase;
			buildActionMask = 2147483647;
			files = (
				6FD10A8D2BF68DA900F89CEE /* ViewController.swift in Sources */,
				6FD10AA82BFBF0A700F89CEE /* AutorizationView.swift in Sources */,
				6F78D6752C064A610088E20F /* VibrationService.swift in Sources */,
				6FD10A892BF68DA900F89CEE /* AppDelegate.swift in Sources */,
				6FD10A8B2BF68DA900F89CEE /* SceneDelegate.swift in Sources */,
			);
			runOnlyForDeploymentPostprocessing = 0;
		};
/* End PBXSourcesBuildPhase section */

/* Begin PBXVariantGroup section */
		6FD10A932BF68DA900F89CEE /* LaunchScreen.storyboard */ = {
			isa = PBXVariantGroup;
			children = (
				6FD10A942BF68DA900F89CEE /* Base */,
			);
			name = LaunchScreen.storyboard;
			sourceTree = "<group>";
		};
/* End PBXVariantGroup section */

/* Begin XCBuildConfiguration section */
		6FD10A972BF68DA900F89CEE /* Debug */ = {
			isa = XCBuildConfiguration;
			buildSettings = {
				ALWAYS_SEARCH_USER_PATHS = NO;
				ASSETCATALOG_COMPILER_GENERATE_SWIFT_ASSET_SYMBOL_EXTENSIONS = YES;
				CLANG_ANALYZER_NONNULL = YES;
				CLANG_ANALYZER_NUMBER_OBJECT_CONVERSION = YES_AGGRESSIVE;
				CLANG_CXX_LANGUAGE_STANDARD = "gnu++20";
				CLANG_ENABLE_MODULES = YES;
				CLANG_ENABLE_OBJC_ARC = YES;
				CLANG_ENABLE_OBJC_WEAK = YES;
				CLANG_WARN_BLOCK_CAPTURE_AUTORELEASING = YES;
				CLANG_WARN_BOOL_CONVERSION = YES;
				CLANG_WARN_COMMA = YES;
				CLANG_WARN_CONSTANT_CONVERSION = YES;
				CLANG_WARN_DEPRECATED_OBJC_IMPLEMENTATIONS = YES;
				CLANG_WARN_DIRECT_OBJC_ISA_USAGE = YES_ERROR;
				CLANG_WARN_DOCUMENTATION_COMMENTS = YES;
				CLANG_WARN_EMPTY_BODY = YES;
				CLANG_WARN_ENUM_CONVERSION = YES;
				CLANG_WARN_INFINITE_RECURSION = YES;
				CLANG_WARN_INT_CONVERSION = YES;
				CLANG_WARN_NON_LITERAL_NULL_CONVERSION = YES;
				CLANG_WARN_OBJC_IMPLICIT_RETAIN_SELF = YES;
				CLANG_WARN_OBJC_LITERAL_CONVERSION = YES;
				CLANG_WARN_OBJC_ROOT_CLASS = YES_ERROR;
				CLANG_WARN_QUOTED_INCLUDE_IN_FRAMEWORK_HEADER = YES;
				CLANG_WARN_RANGE_LOOP_ANALYSIS = YES;
				CLANG_WARN_STRICT_PROTOTYPES = YES;
				CLANG_WARN_SUSPICIOUS_MOVE = YES;
				CLANG_WARN_UNGUARDED_AVAILABILITY = YES_AGGRESSIVE;
				CLANG_WARN_UNREACHABLE_CODE = YES;
				CLANG_WARN__DUPLICATE_METHOD_MATCH = YES;
				COPY_PHASE_STRIP = NO;
				DEBUG_INFORMATION_FORMAT = dwarf;
				ENABLE_STRICT_OBJC_MSGSEND = YES;
				ENABLE_TESTABILITY = YES;
				ENABLE_USER_SCRIPT_SANDBOXING = YES;
				GCC_C_LANGUAGE_STANDARD = gnu17;
				GCC_DYNAMIC_NO_PIC = NO;
				GCC_NO_COMMON_BLOCKS = YES;
				GCC_OPTIMIZATION_LEVEL = 0;
				GCC_PREPROCESSOR_DEFINITIONS = (
					"DEBUG=1",
					"$(inherited)",
				);
				GCC_WARN_64_TO_32_BIT_CONVERSION = YES;
				GCC_WARN_ABOUT_RETURN_TYPE = YES_ERROR;
				GCC_WARN_UNDECLARED_SELECTOR = YES;
				GCC_WARN_UNINITIALIZED_AUTOS = YES_AGGRESSIVE;
				GCC_WARN_UNUSED_FUNCTION = YES;
				GCC_WARN_UNUSED_VARIABLE = YES;
				IPHONEOS_DEPLOYMENT_TARGET = 17.4;
				LOCALIZATION_PREFERS_STRING_CATALOGS = YES;
				MTL_ENABLE_DEBUG_INFO = INCLUDE_SOURCE;
				MTL_FAST_MATH = YES;
				ONLY_ACTIVE_ARCH = YES;
				SDKROOT = iphoneos;
				SWIFT_ACTIVE_COMPILATION_CONDITIONS = "DEBUG $(inherited)";
				SWIFT_OPTIMIZATION_LEVEL = "-Onone";
			};
			name = Debug;
		};
		6FD10A982BF68DA900F89CEE /* Release */ = {
			isa = XCBuildConfiguration;
			buildSettings = {
				ALWAYS_SEARCH_USER_PATHS = NO;
				ASSETCATALOG_COMPILER_GENERATE_SWIFT_ASSET_SYMBOL_EXTENSIONS = YES;
				CLANG_ANALYZER_NONNULL = YES;
				CLANG_ANALYZER_NUMBER_OBJECT_CONVERSION = YES_AGGRESSIVE;
				CLANG_CXX_LANGUAGE_STANDARD = "gnu++20";
				CLANG_ENABLE_MODULES = YES;
				CLANG_ENABLE_OBJC_ARC = YES;
				CLANG_ENABLE_OBJC_WEAK = YES;
				CLANG_WARN_BLOCK_CAPTURE_AUTORELEASING = YES;
				CLANG_WARN_BOOL_CONVERSION = YES;
				CLANG_WARN_COMMA = YES;
				CLANG_WARN_CONSTANT_CONVERSION = YES;
				CLANG_WARN_DEPRECATED_OBJC_IMPLEMENTATIONS = YES;
				CLANG_WARN_DIRECT_OBJC_ISA_USAGE = YES_ERROR;
				CLANG_WARN_DOCUMENTATION_COMMENTS = YES;
				CLANG_WARN_EMPTY_BODY = YES;
				CLANG_WARN_ENUM_CONVERSION = YES;
				CLANG_WARN_INFINITE_RECURSION = YES;
				CLANG_WARN_INT_CONVERSION = YES;
				CLANG_WARN_NON_LITERAL_NULL_CONVERSION = YES;
				CLANG_WARN_OBJC_IMPLICIT_RETAIN_SELF = YES;
				CLANG_WARN_OBJC_LITERAL_CONVERSION = YES;
				CLANG_WARN_OBJC_ROOT_CLASS = YES_ERROR;
				CLANG_WARN_QUOTED_INCLUDE_IN_FRAMEWORK_HEADER = YES;
				CLANG_WARN_RANGE_LOOP_ANALYSIS = YES;
				CLANG_WARN_STRICT_PROTOTYPES = YES;
				CLANG_WARN_SUSPICIOUS_MOVE = YES;
				CLANG_WARN_UNGUARDED_AVAILABILITY = YES_AGGRESSIVE;
				CLANG_WARN_UNREACHABLE_CODE = YES;
				CLANG_WARN__DUPLICATE_METHOD_MATCH = YES;
				COPY_PHASE_STRIP = NO;
				DEBUG_INFORMATION_FORMAT = "dwarf-with-dsym";
				ENABLE_NS_ASSERTIONS = NO;
				ENABLE_STRICT_OBJC_MSGSEND = YES;
				ENABLE_USER_SCRIPT_SANDBOXING = YES;
				GCC_C_LANGUAGE_STANDARD = gnu17;
				GCC_NO_COMMON_BLOCKS = YES;
				GCC_WARN_64_TO_32_BIT_CONVERSION = YES;
				GCC_WARN_ABOUT_RETURN_TYPE = YES_ERROR;
				GCC_WARN_UNDECLARED_SELECTOR = YES;
				GCC_WARN_UNINITIALIZED_AUTOS = YES_AGGRESSIVE;
				GCC_WARN_UNUSED_FUNCTION = YES;
				GCC_WARN_UNUSED_VARIABLE = YES;
				IPHONEOS_DEPLOYMENT_TARGET = 17.4;
				LOCALIZATION_PREFERS_STRING_CATALOGS = YES;
				MTL_ENABLE_DEBUG_INFO = NO;
				MTL_FAST_MATH = YES;
				SDKROOT = iphoneos;
				SWIFT_COMPILATION_MODE = wholemodule;
				VALIDATE_PRODUCT = YES;
			};
			name = Release;
		};
		6FD10A9A2BF68DA900F89CEE /* Debug */ = {
			isa = XCBuildConfiguration;
			buildSettings = {
				ASSETCATALOG_COMPILER_APPICON_NAME = AppIcon;
				ASSETCATALOG_COMPILER_GLOBAL_ACCENT_COLOR_NAME = AccentColor;
				CODE_SIGN_ENTITLEMENTS = Notify/Notify.entitlements;
				CODE_SIGN_STYLE = Automatic;
				CURRENT_PROJECT_VERSION = 1;
				DEVELOPMENT_TEAM = 7T5W54TP57;
				GENERATE_INFOPLIST_FILE = YES;
				INFOPLIST_FILE = Notify/Info.plist;
				INFOPLIST_KEY_UIApplicationSupportsIndirectInputEvents = YES;
				INFOPLIST_KEY_UILaunchStoryboardName = LaunchScreen;
				INFOPLIST_KEY_UISupportedInterfaceOrientations_iPad = "UIInterfaceOrientationPortrait UIInterfaceOrientationPortraitUpsideDown UIInterfaceOrientationLandscapeLeft UIInterfaceOrientationLandscapeRight";
				INFOPLIST_KEY_UISupportedInterfaceOrientations_iPhone = "UIInterfaceOrientationPortrait UIInterfaceOrientationLandscapeLeft UIInterfaceOrientationLandscapeRight";
				IPHONEOS_DEPLOYMENT_TARGET = 15.2;
				LD_RUNPATH_SEARCH_PATHS = (
					"$(inherited)",
					"@executable_path/Frameworks",
				);
				MARKETING_VERSION = 1.0;
				PRODUCT_BUNDLE_IDENTIFIER = com.testexample.Notify;
				PRODUCT_NAME = "$(TARGET_NAME)";
				SWIFT_EMIT_LOC_STRINGS = YES;
				SWIFT_VERSION = 5.0;
				TARGETED_DEVICE_FAMILY = "1,2";
			};
			name = Debug;
		};
		6FD10A9B2BF68DA900F89CEE /* Release */ = {
			isa = XCBuildConfiguration;
			buildSettings = {
				ASSETCATALOG_COMPILER_APPICON_NAME = AppIcon;
				ASSETCATALOG_COMPILER_GLOBAL_ACCENT_COLOR_NAME = AccentColor;
				CODE_SIGN_ENTITLEMENTS = Notify/Notify.entitlements;
				CODE_SIGN_STYLE = Automatic;
				CURRENT_PROJECT_VERSION = 1;
				DEVELOPMENT_TEAM = 7T5W54TP57;
				GENERATE_INFOPLIST_FILE = YES;
				INFOPLIST_FILE = Notify/Info.plist;
				INFOPLIST_KEY_UIApplicationSupportsIndirectInputEvents = YES;
				INFOPLIST_KEY_UILaunchStoryboardName = LaunchScreen;
				INFOPLIST_KEY_UISupportedInterfaceOrientations_iPad = "UIInterfaceOrientationPortrait UIInterfaceOrientationPortraitUpsideDown UIInterfaceOrientationLandscapeLeft UIInterfaceOrientationLandscapeRight";
				INFOPLIST_KEY_UISupportedInterfaceOrientations_iPhone = "UIInterfaceOrientationPortrait UIInterfaceOrientationLandscapeLeft UIInterfaceOrientationLandscapeRight";
				IPHONEOS_DEPLOYMENT_TARGET = 15.2;
				LD_RUNPATH_SEARCH_PATHS = (
					"$(inherited)",
					"@executable_path/Frameworks",
				);
				MARKETING_VERSION = 1.0;
				PRODUCT_BUNDLE_IDENTIFIER = com.testexample.Notify;
				PRODUCT_NAME = "$(TARGET_NAME)";
				SWIFT_EMIT_LOC_STRINGS = YES;
				SWIFT_VERSION = 5.0;
				TARGETED_DEVICE_FAMILY = "1,2";
			};
			name = Release;
		};
/* End XCBuildConfiguration section */

/* Begin XCConfigurationList section */
		6FD10A802BF68DA900F89CEE /* Build configuration list for PBXProject "Notify" */ = {
			isa = XCConfigurationList;
			buildConfigurations = (
				6FD10A972BF68DA900F89CEE /* Debug */,
				6FD10A982BF68DA900F89CEE /* Release */,
			);
			defaultConfigurationIsVisible = 0;
			defaultConfigurationName = Release;
		};
		6FD10A992BF68DA900F89CEE /* Build configuration list for PBXNativeTarget "Notify" */ = {
			isa = XCConfigurationList;
			buildConfigurations = (
				6FD10A9A2BF68DA900F89CEE /* Debug */,
				6FD10A9B2BF68DA900F89CEE /* Release */,
			);
			defaultConfigurationIsVisible = 0;
			defaultConfigurationName = Release;
		};
/* End XCConfigurationList section */

/* Begin XCRemoteSwiftPackageReference section */
		6FD10A9E2BF68DE800F89CEE /* XCRemoteSwiftPackageReference "firebase-ios-sdk" */ = {
			isa = XCRemoteSwiftPackageReference;
			repositoryURL = "https://github.com/firebase/firebase-ios-sdk";
			requirement = {
				kind = upToNextMajorVersion;
				minimumVersion = 10.26.0;
			};
		};
/* End XCRemoteSwiftPackageReference section */

/* Begin XCSwiftPackageProductDependency section */
		6FD10A9F2BF68DE800F89CEE /* FirebaseAnalytics */ = {
			isa = XCSwiftPackageProductDependency;
			package = 6FD10A9E2BF68DE800F89CEE /* XCRemoteSwiftPackageReference "firebase-ios-sdk" */;
			productName = FirebaseAnalytics;
		};
		6FD10AA52BF7E16500F89CEE /* FirebaseMessaging */ = {
			isa = XCSwiftPackageProductDependency;
			package = 6FD10A9E2BF68DE800F89CEE /* XCRemoteSwiftPackageReference "firebase-ios-sdk" */;
			productName = FirebaseMessaging;
		};
/* End XCSwiftPackageProductDependency section */
	};
	rootObject = 6FD10A7D2BF68DA900F89CEE /* Project object */;
}
